
Microsoft Visual Studio Solution File, Format Version 12.00
# Visual Studio Version 16
VisualStudioVersion = 16.0.30011.22
MinimumVisualStudioVersion = 10.0.40219.1
Project("{FAE04EC0-301F-11D3-BF4B-00C04F79EFBC}") = "StatTracker", "StatTracker.csproj", "{3D863C41-966B-4259-A540-91DE32B3C13D}"
EndProject
Global
	GlobalSection(SolutionConfigurationPlatforms) = preSolution
		Debug|Any CPU = Debug|Any CPU
		Release|Any CPU = Release|Any CPU
	EndGlobalSection
	GlobalSection(ProjectConfigurationPlatforms) = postSolution
		{3D863C41-966B-4259-A540-91DE32B3C13D}.Debug|Any CPU.ActiveCfg = Debug|Any CPU
		{3D863C41-966B-4259-A540-91DE32B3C13D}.Debug|Any CPU.Build.0 = Debug|Any CPU
		{3D863C41-966B-4259-A540-91DE32B3C13D}.Release|Any CPU.ActiveCfg = Release|Any CPU
		{3D863C41-966B-4259-A540-91DE32B3C13D}.Release|Any CPU.Build.0 = Release|Any CPU
	EndGlobalSection
	GlobalSection(SolutionProperties) = preSolution
		HideSolutionNode = FALSE
	EndGlobalSection
	GlobalSection(ExtensibilityGlobals) = postSolution
		SolutionGuid = {B970946B-92D3-4940-9D9D-6DFD0BAAD3C3}
	EndGlobalSection
EndGlobal
